// !$*UTF8*$!
{
	archiveVersion = 1;
	classes = {
	};
	objectVersion = 46;
	objects = {

/* Begin PBXBuildFile section */
		74C778C51F0245B400A5FD7C /* main.m in Sources */ = {isa = PBXBuildFile; fileRef = 74C778C41F0245B400A5FD7C /* main.m */; };
		74C778C81F0245B400A5FD7C /* AppDelegate.m in Sources */ = {isa = PBXBuildFile; fileRef = 74C778C71F0245B400A5FD7C /* AppDelegate.m */; };
		74C778CB1F0245B400A5FD7C /* ViewController.m in Sources */ = {isa = PBXBuildFile; fileRef = 74C778CA1F0245B400A5FD7C /* ViewController.m */; };
		74C778CE1F0245B400A5FD7C /* Main.storyboard in Resources */ = {isa = PBXBuildFile; fileRef = 74C778CC1F0245B400A5FD7C /* Main.storyboard */; };
		74C778D01F0245B400A5FD7C /* Assets.xcassets in Resources */ = {isa = PBXBuildFile; fileRef = 74C778CF1F0245B400A5FD7C /* Assets.xcassets */; };
		74C778D31F0245B400A5FD7C /* LaunchScreen.storyboard in Resources */ = {isa = PBXBuildFile; fileRef = 74C778D11F0245B400A5FD7C /* LaunchScreen.storyboard */; };
		74C778DE1F0245B400A5FD7C /* ScreenShotsTests.m in Sources */ = {isa = PBXBuildFile; fileRef = 74C778DD1F0245B400A5FD7C /* ScreenShotsTests.m */; };
		74C778E91F0245B400A5FD7C /* ScreenShotsUITests.m in Sources */ = {isa = PBXBuildFile; fileRef = 74C778E81F0245B400A5FD7C /* ScreenShotsUITests.m */; };
/* End PBXBuildFile section */

/* Begin PBXContainerItemProxy section */
		74C778DA1F0245B400A5FD7C /* PBXContainerItemProxy */ = {
			isa = PBXContainerItemProxy;
			containerPortal = 74C778B81F0245B400A5FD7C /* Project object */;
			proxyType = 1;
			remoteGlobalIDString = 74C778BF1F0245B400A5FD7C;
			remoteInfo = ScreenShots;
		};
		74C778E51F0245B400A5FD7C /* PBXContainerItemProxy */ = {
			isa = PBXContainerItemProxy;
			containerPortal = 74C778B81F0245B400A5FD7C /* Project object */;
			proxyType = 1;
			remoteGlobalIDString = 74C778BF1F0245B400A5FD7C;
			remoteInfo = ScreenShots;
		};
/* End PBXContainerItemProxy section */

/* Begin PBXFileReference section */
		74C778C01F0245B400A5FD7C /* ScreenShots.app */ = {isa = PBXFileReference; explicitFileType = wrapper.application; includeInIndex = 0; path = ScreenShots.app; sourceTree = BUILT_PRODUCTS_DIR; };
		74C778C41F0245B400A5FD7C /* main.m */ = {isa = PBXFileReference; lastKnownFileType = sourcecode.c.objc; path = main.m; sourceTree = "<group>"; };
		74C778C61F0245B400A5FD7C /* AppDelegate.h */ = {isa = PBXFileReference; lastKnownFileType = sourcecode.c.h; path = AppDelegate.h; sourceTree = "<group>"; };
		74C778C71F0245B400A5FD7C /* AppDelegate.m */ = {isa = PBXFileReference; lastKnownFileType = sourcecode.c.objc; path = AppDelegate.m; sourceTree = "<group>"; };
		74C778C91F0245B400A5FD7C /* ViewController.h */ = {isa = PBXFileReference; lastKnownFileType = sourcecode.c.h; path = ViewController.h; sourceTree = "<group>"; };
		74C778CA1F0245B400A5FD7C /* ViewController.m */ = {isa = PBXFileReference; lastKnownFileType = sourcecode.c.objc; path = ViewController.m; sourceTree = "<group>"; };
		74C778CD1F0245B400A5FD7C /* Base */ = {isa = PBXFileReference; lastKnownFileType = file.storyboard; name = Base; path = Base.lproj/Main.storyboard; sourceTree = "<group>"; };
		74C778CF1F0245B400A5FD7C /* Assets.xcassets */ = {isa = PBXFileReference; lastKnownFileType = folder.assetcatalog; path = Assets.xcassets; sourceTree = "<group>"; };
		74C778D21F0245B400A5FD7C /* Base */ = {isa = PBXFileReference; lastKnownFileType = file.storyboard; name = Base; path = Base.lproj/LaunchScreen.storyboard; sourceTree = "<group>"; };
		74C778D41F0245B400A5FD7C /* Info.plist */ = {isa = PBXFileReference; lastKnownFileType = text.plist.xml; path = Info.plist; sourceTree = "<group>"; };
		74C778D91F0245B400A5FD7C /* ScreenShotsTests.xctest */ = {isa = PBXFileReference; explicitFileType = wrapper.cfbundle; includeInIndex = 0; path = ScreenShotsTests.xctest; sourceTree = BUILT_PRODUCTS_DIR; };
		74C778DD1F0245B400A5FD7C /* ScreenShotsTests.m */ = {isa = PBXFileReference; lastKnownFileType = sourcecode.c.objc; path = ScreenShotsTests.m; sourceTree = "<group>"; };
		74C778DF1F0245B400A5FD7C /* Info.plist */ = {isa = PBXFileReference; lastKnownFileType = text.plist.xml; path = Info.plist; sourceTree = "<group>"; };
		74C778E41F0245B400A5FD7C /* ScreenShotsUITests.xctest */ = {isa = PBXFileReference; explicitFileType = wrapper.cfbundle; includeInIndex = 0; path = ScreenShotsUITests.xctest; sourceTree = BUILT_PRODUCTS_DIR; };
		74C778E81F0245B400A5FD7C /* ScreenShotsUITests.m */ = {isa = PBXFileReference; lastKnownFileType = sourcecode.c.objc; path = ScreenShotsUITests.m; sourceTree = "<group>"; };
		74C778EA1F0245B400A5FD7C /* Info.plist */ = {isa = PBXFileReference; lastKnownFileType = text.plist.xml; path = Info.plist; sourceTree = "<group>"; };
/* End PBXFileReference section */

/* Begin PBXFrameworksBuildPhase section */
		74C778BD1F0245B400A5FD7C /* Frameworks */ = {
			isa = PBXFrameworksBuildPhase;
			buildActionMask = 2147483647;
			files = (
			);
			runOnlyForDeploymentPostprocessing = 0;
		};
		74C778D61F0245B400A5FD7C /* Frameworks */ = {
			isa = PBXFrameworksBuildPhase;
			buildActionMask = 2147483647;
			files = (
			);
			runOnlyForDeploymentPostprocessing = 0;
		};
		74C778E11F0245B400A5FD7C /* Frameworks */ = {
			isa = PBXFrameworksBuildPhase;
			buildActionMask = 2147483647;
			files = (
			);
			runOnlyForDeploymentPostprocessing = 0;
		};
/* End PBXFrameworksBuildPhase section */

/* Begin PBXGroup section */
		74C778B71F0245B400A5FD7C = {
			isa = PBXGroup;
			children = (
				74C778C21F0245B400A5FD7C /* ScreenShots */,
				74C778DC1F0245B400A5FD7C /* ScreenShotsTests */,
				74C778E71F0245B400A5FD7C /* ScreenShotsUITests */,
				74C778C11F0245B400A5FD7C /* Products */,
			);
			sourceTree = "<group>";
		};
		74C778C11F0245B400A5FD7C /* Products */ = {
			isa = PBXGroup;
			children = (
				74C778C01F0245B400A5FD7C /* ScreenShots.app */,
				74C778D91F0245B400A5FD7C /* ScreenShotsTests.xctest */,
				74C778E41F0245B400A5FD7C /* ScreenShotsUITests.xctest */,
			);
			name = Products;
			sourceTree = "<group>";
		};
		74C778C21F0245B400A5FD7C /* ScreenShots */ = {
			isa = PBXGroup;
			children = (
				74C778C61F0245B400A5FD7C /* AppDelegate.h */,
				74C778C71F0245B400A5FD7C /* AppDelegate.m */,
				74C778C91F0245B400A5FD7C /* ViewController.h */,
				74C778CA1F0245B400A5FD7C /* ViewController.m */,
				74C778CC1F0245B400A5FD7C /* Main.storyboard */,
				74C778CF1F0245B400A5FD7C /* Assets.xcassets */,
				74C778D11F0245B400A5FD7C /* LaunchScreen.storyboard */,
				74C778D41F0245B400A5FD7C /* Info.plist */,
				74C778C31F0245B400A5FD7C /* Supporting Files */,
			);
			path = ScreenShots;
			sourceTree = "<group>";
		};
		74C778C31F0245B400A5FD7C /* Supporting Files */ = {
			isa = PBXGroup;
			children = (
				74C778C41F0245B400A5FD7C /* main.m */,
			);
			name = "Supporting Files";
			sourceTree = "<group>";
		};
		74C778DC1F0245B400A5FD7C /* ScreenShotsTests */ = {
			isa = PBXGroup;
			children = (
				74C778DD1F0245B400A5FD7C /* ScreenShotsTests.m */,
				74C778DF1F0245B400A5FD7C /* Info.plist */,
			);
			path = ScreenShotsTests;
			sourceTree = "<group>";
		};
		74C778E71F0245B400A5FD7C /* ScreenShotsUITests */ = {
			isa = PBXGroup;
			children = (
				74C778E81F0245B400A5FD7C /* ScreenShotsUITests.m */,
				74C778EA1F0245B400A5FD7C /* Info.plist */,
			);
			path = ScreenShotsUITests;
			sourceTree = "<group>";
		};
/* End PBXGroup section */

/* Begin PBXNativeTarget section */
		74C778BF1F0245B400A5FD7C /* ScreenShots */ = {
			isa = PBXNativeTarget;
			buildConfigurationList = 74C778ED1F0245B400A5FD7C /* Build configuration list for PBXNativeTarget "ScreenShots" */;
			buildPhases = (
				74C778BC1F0245B400A5FD7C /* Sources */,
				74C778BD1F0245B400A5FD7C /* Frameworks */,
				74C778BE1F0245B400A5FD7C /* Resources */,
			);
			buildRules = (
			);
			dependencies = (
			);
			name = ScreenShots;
			productName = ScreenShots;
			productReference = 74C778C01F0245B400A5FD7C /* ScreenShots.app */;
			productType = "com.apple.product-type.application";
		};
		74C778D81F0245B400A5FD7C /* ScreenShotsTests */ = {
			isa = PBXNativeTarget;
			buildConfigurationList = 74C778F01F0245B400A5FD7C /* Build configuration list for PBXNativeTarget "ScreenShotsTests" */;
			buildPhases = (
				74C778D51F0245B400A5FD7C /* Sources */,
				74C778D61F0245B400A5FD7C /* Frameworks */,
				74C778D71F0245B400A5FD7C /* Resources */,
			);
			buildRules = (
			);
			dependencies = (
				74C778DB1F0245B400A5FD7C /* PBXTargetDependency */,
			);
			name = ScreenShotsTests;
			productName = ScreenShotsTests;
			productReference = 74C778D91F0245B400A5FD7C /* ScreenShotsTests.xctest */;
			productType = "com.apple.product-type.bundle.unit-test";
		};
		74C778E31F0245B400A5FD7C /* ScreenShotsUITests */ = {
			isa = PBXNativeTarget;
			buildConfigurationList = 74C778F31F0245B400A5FD7C /* Build configuration list for PBXNativeTarget "ScreenShotsUITests" */;
			buildPhases = (
				74C778E01F0245B400A5FD7C /* Sources */,
				74C778E11F0245B400A5FD7C /* Frameworks */,
				74C778E21F0245B400A5FD7C /* Resources */,
			);
			buildRules = (
			);
			dependencies = (
				74C778E61F0245B400A5FD7C /* PBXTargetDependency */,
			);
			name = ScreenShotsUITests;
			productName = ScreenShotsUITests;
			productReference = 74C778E41F0245B400A5FD7C /* ScreenShotsUITests.xctest */;
			productType = "com.apple.product-type.bundle.ui-testing";
		};
/* End PBXNativeTarget section */

/* Begin PBXProject section */
		74C778B81F0245B400A5FD7C /* Project object */ = {
			isa = PBXProject;
			attributes = {
				LastUpgradeCheck = 0830;
				ORGANIZATIONNAME = WangShengKui;
				TargetAttributes = {
					74C778BF1F0245B400A5FD7C = {
						CreatedOnToolsVersion = 8.3.3;
						DevelopmentTeam = J9WL29R87J;
						ProvisioningStyle = Automatic;
					};
					74C778D81F0245B400A5FD7C = {
						CreatedOnToolsVersion = 8.3.3;
						DevelopmentTeam = J9WL29R87J;
						ProvisioningStyle = Automatic;
						TestTargetID = 74C778BF1F0245B400A5FD7C;
					};
					74C778E31F0245B400A5FD7C = {
						CreatedOnToolsVersion = 8.3.3;
						DevelopmentTeam = J9WL29R87J;
						ProvisioningStyle = Automatic;
						TestTargetID = 74C778BF1F0245B400A5FD7C;
					};
				};
			};
			buildConfigurationList = 74C778BB1F0245B400A5FD7C /* Build configuration list for PBXProject "ScreenShots" */;
			compatibilityVersion = "Xcode 3.2";
			developmentRegion = English;
			hasScannedForEncodings = 0;
			knownRegions = (
				en,
				Base,
			);
			mainGroup = 74C778B71F0245B400A5FD7C;
			productRefGroup = 74C778C11F0245B400A5FD7C /* Products */;
			projectDirPath = "";
			projectRoot = "";
			targets = (
				74C778BF1F0245B400A5FD7C /* ScreenShots */,
				74C778D81F0245B400A5FD7C /* ScreenShotsTests */,
				74C778E31F0245B400A5FD7C /* ScreenShotsUITests */,
			);
		};
/* End PBXProject section */

/* Begin PBXResourcesBuildPhase section */
		74C778BE1F0245B400A5FD7C /* Resources */ = {
			isa = PBXResourcesBuildPhase;
			buildActionMask = 2147483647;
			files = (
				74C778D31F0245B400A5FD7C /* LaunchScreen.storyboard in Resources */,
				74C778D01F0245B400A5FD7C /* Assets.xcassets in Resources */,
				74C778CE1F0245B400A5FD7C /* Main.storyboard in Resources */,
			);
			runOnlyForDeploymentPostprocessing = 0;
		};
		74C778D71F0245B400A5FD7C /* Resources */ = {
			isa = PBXResourcesBuildPhase;
			buildActionMask = 2147483647;
			files = (
			);
			runOnlyForDeploymentPostprocessing = 0;
		};
		74C778E21F0245B400A5FD7C /* Resources */ = {
			isa = PBXResourcesBuildPhase;
			buildActionMask = 2147483647;
			files = (
			);
			runOnlyForDeploymentPostprocessing = 0;
		};
/* End PBXResourcesBuildPhase section */

/* Begin PBXSourcesBuildPhase section */
		74C778BC1F0245B400A5FD7C /* Sources */ = {
			isa = PBXSourcesBuildPhase;
			buildActionMask = 2147483647;
			files = (
				74C778CB1F0245B400A5FD7C /* ViewController.m in Sources */,
				74C778C81F0245B400A5FD7C /* AppDelegate.m in Sources */,
				74C778C51F0245B400A5FD7C /* main.m in Sources */,
			);
			runOnlyForDeploymentPostprocessing = 0;
		};
		74C778D51F0245B400A5FD7C /* Sources */ = {
			isa = PBXSourcesBuildPhase;
			buildActionMask = 2147483647;
			files = (
				74C778DE1F0245B400A5FD7C /* ScreenShotsTests.m in Sources */,
			);
			runOnlyForDeploymentPostprocessing = 0;
		};
		74C778E01F0245B400A5FD7C /* Sources */ = {
			isa = PBXSourcesBuildPhase;
			buildActionMask = 2147483647;
			files = (
				74C778E91F0245B400A5FD7C /* ScreenShotsUITests.m in Sources */,
			);
			runOnlyForDeploymentPostprocessing = 0;
		};
/* End PBXSourcesBuildPhase section */

/* Begin PBXTargetDependency section */
		74C778DB1F0245B400A5FD7C /* PBXTargetDependency */ = {
			isa = PBXTargetDependency;
			target = 74C778BF1F0245B400A5FD7C /* ScreenShots */;
			targetProxy = 74C778DA1F0245B400A5FD7C /* PBXContainerItemProxy */;
		};
		74C778E61F0245B400A5FD7C /* PBXTargetDependency */ = {
			isa = PBXTargetDependency;
			target = 74C778BF1F0245B400A5FD7C /* ScreenShots */;
			targetProxy = 74C778E51F0245B400A5FD7C /* PBXContainerItemProxy */;
		};
/* End PBXTargetDependency section */

/* Begin PBXVariantGroup section */
		74C778CC1F0245B400A5FD7C /* Main.storyboard */ = {
			isa = PBXVariantGroup;
			children = (
				74C778CD1F0245B400A5FD7C /* Base */,
			);
			name = Main.storyboard;
			sourceTree = "<group>";
		};
		74C778D11F0245B400A5FD7C /* LaunchScreen.storyboard */ = {
			isa = PBXVariantGroup;
			children = (
				74C778D21F0245B400A5FD7C /* Base */,
			);
			name = LaunchScreen.storyboard;
			sourceTree = "<group>";
		};
/* End PBXVariantGroup section */

/* Begin XCBuildConfiguration section */
		74C778EB1F0245B400A5FD7C /* Debug */ = {
			isa = XCBuildConfiguration;
			buildSettings = {
				ALWAYS_SEARCH_USER_PATHS = NO;
				CLANG_ANALYZER_NONNULL = YES;
				CLANG_ANALYZER_NUMBER_OBJECT_CONVERSION = YES_AGGRESSIVE;
				CLANG_CXX_LANGUAGE_STANDARD = "gnu++0x";
				CLANG_CXX_LIBRARY = "libc++";
				CLANG_ENABLE_MODULES = YES;
				CLANG_ENABLE_OBJC_ARC = YES;
				CLANG_WARN_BOOL_CONVERSION = YES;
				CLANG_WARN_CONSTANT_CONVERSION = YES;
				CLANG_WARN_DIRECT_OBJC_ISA_USAGE = YES_ERROR;
				CLANG_WARN_DOCUMENTATION_COMMENTS = YES;
				CLANG_WARN_EMPTY_BODY = YES;
				CLANG_WARN_ENUM_CONVERSION = YES;
				CLANG_WARN_INFINITE_RECURSION = YES;
				CLANG_WARN_INT_CONVERSION = YES;
				CLANG_WARN_OBJC_ROOT_CLASS = YES_ERROR;
				CLANG_WARN_SUSPICIOUS_MOVE = YES;
				CLANG_WARN_UNREACHABLE_CODE = YES;
				CLANG_WARN__DUPLICATE_METHOD_MATCH = YES;
				"CODE_SIGN_IDENTITY[sdk=iphoneos*]" = "iPhone Developer";
				COPY_PHASE_STRIP = NO;
				DEBUG_INFORMATION_FORMAT = dwarf;
				ENABLE_STRICT_OBJC_MSGSEND = YES;
				ENABLE_TESTABILITY = YES;
				GCC_C_LANGUAGE_STANDARD = gnu99;
				GCC_DYNAMIC_NO_PIC = NO;
				GCC_NO_COMMON_BLOCKS = YES;
				GCC_OPTIMIZATION_LEVEL = 0;
				GCC_PREPROCESSOR_DEFINITIONS = (
					"DEBUG=1",
					"$(inherited)",
				);
				GCC_WARN_64_TO_32_BIT_CONVERSION = YES;
				GCC_WARN_ABOUT_RETURN_TYPE = YES_ERROR;
				GCC_WARN_UNDECLARED_SELECTOR = YES;
				GCC_WARN_UNINITIALIZED_AUTOS = YES_AGGRESSIVE;
				GCC_WARN_UNUSED_FUNCTION = YES;
				GCC_WARN_UNUSED_VARIABLE = YES;
				IPHONEOS_DEPLOYMENT_TARGET = 10.3;
				MTL_ENABLE_DEBUG_INFO = YES;
				ONLY_ACTIVE_ARCH = YES;
				SDKROOT = iphoneos;
			};
			name = Debug;
		};
		74C778EC1F0245B400A5FD7C /* Release */ = {
			isa = XCBuildConfiguration;
			buildSettings = {
				ALWAYS_SEARCH_USER_PATHS = NO;
				CLANG_ANALYZER_NONNULL = YES;
				CLANG_ANALYZER_NUMBER_OBJECT_CONVERSION = YES_AGGRESSIVE;
				CLANG_CXX_LANGUAGE_STANDARD = "gnu++0x";
				CLANG_CXX_LIBRARY = "libc++";
				CLANG_ENABLE_MODULES = YES;
				CLANG_ENABLE_OBJC_ARC = YES;
				CLANG_WARN_BOOL_CONVERSION = YES;
				CLANG_WARN_CONSTANT_CONVERSION = YES;
				CLANG_WARN_DIRECT_OBJC_ISA_USAGE = YES_ERROR;
				CLANG_WARN_DOCUMENTATION_COMMENTS = YES;
				CLANG_WARN_EMPTY_BODY = YES;
				CLANG_WARN_ENUM_CONVERSION = YES;
				CLANG_WARN_INFINITE_RECURSION = YES;
				CLANG_WARN_INT_CONVERSION = YES;
				CLANG_WARN_OBJC_ROOT_CLASS = YES_ERROR;
				CLANG_WARN_SUSPICIOUS_MOVE = YES;
				CLANG_WARN_UNREACHABLE_CODE = YES;
				CLANG_WARN__DUPLICATE_METHOD_MATCH = YES;
				"CODE_SIGN_IDENTITY[sdk=iphoneos*]" = "iPhone Developer";
				COPY_PHASE_STRIP = NO;
				DEBUG_INFORMATION_FORMAT = "dwarf-with-dsym";
				ENABLE_NS_ASSERTIONS = NO;
				ENABLE_STRICT_OBJC_MSGSEND = YES;
				GCC_C_LANGUAGE_STANDARD = gnu99;
				GCC_NO_COMMON_BLOCKS = YES;
				GCC_WARN_64_TO_32_BIT_CONVERSION = YES;
				GCC_WARN_ABOUT_RETURN_TYPE = YES_ERROR;
				GCC_WARN_UNDECLARED_SELECTOR = YES;
				GCC_WARN_UNINITIALIZED_AUTOS = YES_AGGRESSIVE;
				GCC_WARN_UNUSED_FUNCTION = YES;
				GCC_WARN_UNUSED_VARIABLE = YES;
				IPHONEOS_DEPLOYMENT_TARGET = 10.3;
				MTL_ENABLE_DEBUG_INFO = NO;
				SDKROOT = iphoneos;
				VALIDATE_PRODUCT = YES;
			};
			name = Release;
		};
		74C778EE1F0245B400A5FD7C /* Debug */ = {
			isa = XCBuildConfiguration;
			buildSettings = {
				ASSETCATALOG_COMPILER_APPICON_NAME = AppIcon;
				DEVELOPMENT_TEAM = J9WL29R87J;
				INFOPLIST_FILE = ScreenShots/Info.plist;
				LD_RUNPATH_SEARCH_PATHS = "$(inherited) @executable_path/Frameworks";
				PRODUCT_BUNDLE_IDENTIFIER = com.370929280.TouchID;
				PRODUCT_NAME = "$(TARGET_NAME)";
			};
			name = Debug;
		};
		74C778EF1F0245B400A5FD7C /* Release */ = {
			isa = XCBuildConfiguration;
			buildSettings = {
				ASSETCATALOG_COMPILER_APPICON_NAME = AppIcon;
				DEVELOPMENT_TEAM = J9WL29R87J;
				INFOPLIST_FILE = ScreenShots/Info.plist;
				LD_RUNPATH_SEARCH_PATHS = "$(inherited) @executable_path/Frameworks";
				PRODUCT_BUNDLE_IDENTIFIER = com.370929280.TouchID;
				PRODUCT_NAME = "$(TARGET_NAME)";
			};
			name = Release;
		};
		74C778F11F0245B400A5FD7C /* Debug */ = {
			isa = XCBuildConfiguration;
			buildSettings = {
				BUNDLE_LOADER = "$(TEST_HOST)";
				DEVELOPMENT_TEAM = J9WL29R87J;
				INFOPLIST_FILE = ScreenShotsTests/Info.plist;
				LD_RUNPATH_SEARCH_PATHS = "$(inherited) @executable_path/Frameworks @loader_path/Frameworks";
				PRODUCT_BUNDLE_IDENTIFIER = com.wangsk.ScreenShotsTests;
				PRODUCT_NAME = "$(TARGET_NAME)";
				TEST_HOST = "$(BUILT_PRODUCTS_DIR)/ScreenShots.app/ScreenShots";
			};
			name = Debug;
		};
		74C778F21F0245B400A5FD7C /* Release */ = {
			isa = XCBuildConfiguration;
			buildSettings = {
				BUNDLE_LOADER = "$(TEST_HOST)";
				DEVELOPMENT_TEAM = J9WL29R87J;
				INFOPLIST_FILE = ScreenShotsTests/Info.plist;
				LD_RUNPATH_SEARCH_PATHS = "$(inherited) @executable_path/Frameworks @loader_path/Frameworks";
				PRODUCT_BUNDLE_IDENTIFIER = com.wangsk.ScreenShotsTests;
				PRODUCT_NAME = "$(TARGET_NAME)";
				TEST_HOST = "$(BUILT_PRODUCTS_DIR)/ScreenShots.app/ScreenShots";
			};
			name = Release;
		};
		74C778F41F0245B400A5FD7C /* Debug */ = {
			isa = XCBuildConfiguration;
			buildSettings = {
				DEVELOPMENT_TEAM = J9WL29R87J;
				INFOPLIST_FILE = ScreenShotsUITests/Info.plist;
				LD_RUNPATH_SEARCH_PATHS = "$(inherited) @executable_path/Frameworks @loader_path/Frameworks";
				PRODUCT_BUNDLE_IDENTIFIER = com.wangsk.ScreenShotsUITests;
				PRODUCT_NAME = "$(TARGET_NAME)";
				TEST_TARGET_NAME = ScreenShots;
			};
			name = Debug;
		};
		74C778F51F0245B400A5FD7C /* Release */ = {
			isa = XCBuildConfiguration;
			buildSettings = {
				DEVELOPMENT_TEAM = J9WL29R87J;
				INFOPLIST_FILE = ScreenShotsUITests/Info.plist;
				LD_RUNPATH_SEARCH_PATHS = "$(inherited) @executable_path/Frameworks @loader_path/Frameworks";
				PRODUCT_BUNDLE_IDENTIFIER = com.wangsk.ScreenShotsUITests;
				PRODUCT_NAME = "$(TARGET_NAME)";
				TEST_TARGET_NAME = ScreenShots;
			};
			name = Release;
		};
/* End XCBuildConfiguration section */

/* Begin XCConfigurationList section */
		74C778BB1F0245B400A5FD7C /* Build configuration list for PBXProject "ScreenShots" */ = {
			isa = XCConfigurationList;
			buildConfigurations = (
				74C778EB1F0245B400A5FD7C /* Debug */,
				74C778EC1F0245B400A5FD7C /* Release */,
			);
			defaultConfigurationIsVisible = 0;
			defaultConfigurationName = Release;
		};
		74C778ED1F0245B400A5FD7C /* Build configuration list for PBXNativeTarget "ScreenShots" */ = {
			isa = XCConfigurationList;
			buildConfigurations = (
				74C778EE1F0245B400A5FD7C /* Debug */,
				74C778EF1F0245B400A5FD7C /* Release */,
			);
			defaultConfigurationIsVisible = 0;
			defaultConfigurationName = Release;
		};
		74C778F01F0245B400A5FD7C /* Build configuration list for PBXNativeTarget "ScreenShotsTests" */ = {
			isa = XCConfigurationList;
			buildConfigurations = (
				74C778F11F0245B400A5FD7C /* Debug */,
				74C778F21F0245B400A5FD7C /* Release */,
			);
			defaultConfigurationIsVisible = 0;
			defaultConfigurationName = Release;
		};
		74C778F31F0245B400A5FD7C /* Build configuration list for PBXNativeTarget "ScreenShotsUITests" */ = {
			isa = XCConfigurationList;
			buildConfigurations = (
				74C778F41F0245B400A5FD7C /* Debug */,
				74C778F51F0245B400A5FD7C /* Release */,
			);
			defaultConfigurationIsVisible = 0;
			defaultConfigurationName = Release;
		};
/* End XCConfigurationList section */
	};
	rootObject = 74C778B81F0245B400A5FD7C /* Project object */;
}
